
Microsoft Visual Studio Solution File, Format Version 12.00
# Visual Studio 15
Project("{FAE04EC0-301F-11D3-BF4B-00C04F79EFBC}") = "Zenject", "Zenject.csproj", "{B3C2DF36-3F58-2397-4C55-6179F0168F05}"
EndProject
Project("{FAE04EC0-301F-11D3-BF4B-00C04F79EFBC}") = "Zenject-IntegrationTests", "Zenject-IntegrationTests.csproj", "{B257D66E-57BC-1F1B-DC04-987E5666E104}"
EndProject
Project("{FAE04EC0-301F-11D3-BF4B-00C04F79EFBC}") = "Zenject-IntegrationTests-Editor", "Zenject-IntegrationTests-Editor.csproj", "{837D77A9-05BA-46A4-1BAF-A7F84AEDC181}"
EndProject
Project("{FAE04EC0-301F-11D3-BF4B-00C04F79EFBC}") = "Zenject-ReflectionBaking-Editor", "Zenject-ReflectionBaking-Editor.csproj", "{8981C5AA-26BF-8202-DC0F-B16CD4A25EEB}"
EndProject
Project("{FAE04EC0-301F-11D3-BF4B-00C04F79EFBC}") = "Zenject-UnitTests-Editor", "Zenject-UnitTests-Editor.csproj", "{67D4BE3D-28B9-4D75-2E4E-0DDA956533E1}"
EndProject
Project("{FAE04EC0-301F-11D3-BF4B-00C04F79EFBC}") = "Zenject-Editor", "Zenject-Editor.csproj", "{A8DED362-40A3-C4C6-7E75-8CE3F7672114}"
EndProject
Project("{FAE04EC0-301F-11D3-BF4B-00C04F79EFBC}") = "Assembly-CSharp", "Assembly-CSharp.csproj", "{88BA0B45-9AA6-6202-03AF-FF2BAAC34726}"
EndProject
Project("{FAE04EC0-301F-11D3-BF4B-00C04F79EFBC}") = "Zenject-TestFramework", "Zenject-TestFramework.csproj", "{B91D6C95-6C23-DD06-DFA1-5F0E94136900}"
EndProject
Project("{FAE04EC0-301F-11D3-BF4B-00C04F79EFBC}") = "Zenject-PoolMonitor-Editor", "Zenject-PoolMonitor-Editor.csproj", "{5EA40E53-F2E5-FC75-5E65-8A78756B3624}"
EndProject
Project("{FAE04EC0-301F-11D3-BF4B-00C04F79EFBC}") = "Assembly-CSharp-Editor", "Assembly-CSharp-Editor.csproj", "{89BB5AEB-B46D-28D0-7C9F-632E96FFF9E0}"
EndProject
Global
	GlobalSection(SolutionConfigurationPlatforms) = preSolution
		Debug|Any CPU = Debug|Any CPU
		Release|Any CPU = Release|Any CPU
	EndGlobalSection
	GlobalSection(ProjectConfigurationPlatforms) = postSolution
		{B3C2DF36-3F58-2397-4C55-6179F0168F05}.Debug|Any CPU.ActiveCfg = Debug|Any CPU
		{B3C2DF36-3F58-2397-4C55-6179F0168F05}.Debug|Any CPU.Build.0 = Debug|Any CPU
		{B3C2DF36-3F58-2397-4C55-6179F0168F05}.Release|Any CPU.ActiveCfg = Release|Any CPU
		{B3C2DF36-3F58-2397-4C55-6179F0168F05}.Release|Any CPU.Build.0 = Release|Any CPU
		{B257D66E-57BC-1F1B-DC04-987E5666E104}.Debug|Any CPU.ActiveCfg = Debug|Any CPU
		{B257D66E-57BC-1F1B-DC04-987E5666E104}.Debug|Any CPU.Build.0 = Debug|Any CPU
		{B257D66E-57BC-1F1B-DC04-987E5666E104}.Release|Any CPU.ActiveCfg = Release|Any CPU
		{B257D66E-57BC-1F1B-DC04-987E5666E104}.Release|Any CPU.Build.0 = Release|Any CPU
		{837D77A9-05BA-46A4-1BAF-A7F84AEDC181}.Debug|Any CPU.ActiveCfg = Debug|Any CPU
		{837D77A9-05BA-46A4-1BAF-A7F84AEDC181}.Debug|Any CPU.Build.0 = Debug|Any CPU
		{837D77A9-05BA-46A4-1BAF-A7F84AEDC181}.Release|Any CPU.ActiveCfg = Release|Any CPU
		{837D77A9-05BA-46A4-1BAF-A7F84AEDC181}.Release|Any CPU.Build.0 = Release|Any CPU
		{8981C5AA-26BF-8202-DC0F-B16CD4A25EEB}.Debug|Any CPU.ActiveCfg = Debug|Any CPU
		{8981C5AA-26BF-8202-DC0F-B16CD4A25EEB}.Debug|Any CPU.Build.0 = Debug|Any CPU
		{8981C5AA-26BF-8202-DC0F-B16CD4A25EEB}.Release|Any CPU.ActiveCfg = Release|Any CPU
		{8981C5AA-26BF-8202-DC0F-B16CD4A25EEB}.Release|Any CPU.Build.0 = Release|Any CPU
		{67D4BE3D-28B9-4D75-2E4E-0DDA956533E1}.Debug|Any CPU.ActiveCfg = Debug|Any CPU
		{67D4BE3D-28B9-4D75-2E4E-0DDA956533E1}.Debug|Any CPU.Build.0 = Debug|Any CPU
		{67D4BE3D-28B9-4D75-2E4E-0DDA956533E1}.Release|Any CPU.ActiveCfg = Release|Any CPU
		{67D4BE3D-28B9-4D75-2E4E-0DDA956533E1}.Release|Any CPU.Build.0 = Release|Any CPU
		{A8DED362-40A3-C4C6-7E75-8CE3F7672114}.Debug|Any CPU.ActiveCfg = Debug|Any CPU
		{A8DED362-40A3-C4C6-7E75-8CE3F7672114}.Debug|Any CPU.Build.0 = Debug|Any CPU
		{A8DED362-40A3-C4C6-7E75-8CE3F7672114}.Release|Any CPU.ActiveCfg = Release|Any CPU
		{A8DED362-40A3-C4C6-7E75-8CE3F7672114}.Release|Any CPU.Build.0 = Release|Any CPU
		{88BA0B45-9AA6-6202-03AF-FF2BAAC34726}.Debug|Any CPU.ActiveCfg = Debug|Any CPU
		{88BA0B45-9AA6-6202-03AF-FF2BAAC34726}.Debug|Any CPU.Build.0 = Debug|Any CPU
		{88BA0B45-9AA6-6202-03AF-FF2BAAC34726}.Release|Any CPU.ActiveCfg = Release|Any CPU
		{88BA0B45-9AA6-6202-03AF-FF2BAAC34726}.Release|Any CPU.Build.0 = Release|Any CPU
		{B91D6C95-6C23-DD06-DFA1-5F0E94136900}.Debug|Any CPU.ActiveCfg = Debug|Any CPU
		{B91D6C95-6C23-DD06-DFA1-5F0E94136900}.Debug|Any CPU.Build.0 = Debug|Any CPU
		{B91D6C95-6C23-DD06-DFA1-5F0E94136900}.Release|Any CPU.ActiveCfg = Release|Any CPU
		{B91D6C95-6C23-DD06-DFA1-5F0E94136900}.Release|Any CPU.Build.0 = Release|Any CPU
		{5EA40E53-F2E5-FC75-5E65-8A78756B3624}.Debug|Any CPU.ActiveCfg = Debug|Any CPU
		{5EA40E53-F2E5-FC75-5E65-8A78756B3624}.Debug|Any CPU.Build.0 = Debug|Any CPU
		{5EA40E53-F2E5-FC75-5E65-8A78756B3624}.Release|Any CPU.ActiveCfg = Release|Any CPU
		{5EA40E53-F2E5-FC75-5E65-8A78756B3624}.Release|Any CPU.Build.0 = Release|Any CPU
		{89BB5AEB-B46D-28D0-7C9F-632E96FFF9E0}.Debug|Any CPU.ActiveCfg = Debug|Any CPU
		{89BB5AEB-B46D-28D0-7C9F-632E96FFF9E0}.Debug|Any CPU.Build.0 = Debug|Any CPU
		{89BB5AEB-B46D-28D0-7C9F-632E96FFF9E0}.Release|Any CPU.ActiveCfg = Release|Any CPU
		{89BB5AEB-B46D-28D0-7C9F-632E96FFF9E0}.Release|Any CPU.Build.0 = Release|Any CPU
	EndGlobalSection
	GlobalSection(SolutionProperties) = preSolution
		HideSolutionNode = FALSE
	EndGlobalSection
EndGlobal
